
Microsoft Visual Studio Solution File, Format Version 12.00
# Visual Studio Version 16
VisualStudioVersion = 16.0.31129.286
MinimumVisualStudioVersion = 10.0.40219.1
Project("{9A19103F-16F7-4668-BE54-9A1E7A4F7556}") = "aventuras", "aventuras\aventuras.csproj", "{ABC638C6-18C1-4AEB-B3E5-4F19969A8F34}"
EndProject
Project("{9A19103F-16F7-4668-BE54-9A1E7A4F7556}") = "aventuras.common", "aventuras.common\aventuras.common.csproj", "{98454F82-95D3-457B-AF13-25251FF83BB7}"
EndProject
Project("{9A19103F-16F7-4668-BE54-9A1E7A4F7556}") = "aventuras.data.sql", "aventuras.data.sql\aventuras.data.sql.csproj", "{2FB2E067-391B-4CB2-B4E6-7AE689AD477A}"
EndProject
Global
	GlobalSection(SolutionConfigurationPlatforms) = preSolution
		Debug|Any CPU = Debug|Any CPU
		Release|Any CPU = Release|Any CPU
	EndGlobalSection
	GlobalSection(ProjectConfigurationPlatforms) = postSolution
		{ABC638C6-18C1-4AEB-B3E5-4F19969A8F34}.Debug|Any CPU.ActiveCfg = Debug|Any CPU
		{ABC638C6-18C1-4AEB-B3E5-4F19969A8F34}.Debug|Any CPU.Build.0 = Debug|Any CPU
		{ABC638C6-18C1-4AEB-B3E5-4F19969A8F34}.Release|Any CPU.ActiveCfg = Release|Any CPU
		{ABC638C6-18C1-4AEB-B3E5-4F19969A8F34}.Release|Any CPU.Build.0 = Release|Any CPU
		{98454F82-95D3-457B-AF13-25251FF83BB7}.Debug|Any CPU.ActiveCfg = Debug|Any CPU
		{98454F82-95D3-457B-AF13-25251FF83BB7}.Debug|Any CPU.Build.0 = Debug|Any CPU
		{98454F82-95D3-457B-AF13-25251FF83BB7}.Release|Any CPU.ActiveCfg = Release|Any CPU
		{98454F82-95D3-457B-AF13-25251FF83BB7}.Release|Any CPU.Build.0 = Release|Any CPU
		{2FB2E067-391B-4CB2-B4E6-7AE689AD477A}.Debug|Any CPU.ActiveCfg = Debug|Any CPU
		{2FB2E067-391B-4CB2-B4E6-7AE689AD477A}.Debug|Any CPU.Build.0 = Debug|Any CPU
		{2FB2E067-391B-4CB2-B4E6-7AE689AD477A}.Release|Any CPU.ActiveCfg = Release|Any CPU
		{2FB2E067-391B-4CB2-B4E6-7AE689AD477A}.Release|Any CPU.Build.0 = Release|Any CPU
	EndGlobalSection
	GlobalSection(SolutionProperties) = preSolution
		HideSolutionNode = FALSE
	EndGlobalSection
	GlobalSection(ExtensibilityGlobals) = postSolution
		SolutionGuid = {9B4C0A0C-085B-4836-8393-18FB5BC45744}
	EndGlobalSection
EndGlobal
